
Microsoft Visual Studio Solution File, Format Version 12.00
# Visual Studio Version 17
VisualStudioVersion = 17.3.32728.150
MinimumVisualStudioVersion = 10.0.40219.1
Project("{9A19103F-16F7-4668-BE54-9A1E7A4F7556}") = "IoTGateway", "IoTGateway\IoTGateway.csproj", "{DA119B2E-B0ED-495E-9850-E14D7A63E565}"
EndProject
Project("{9A19103F-16F7-4668-BE54-9A1E7A4F7556}") = "Tests", "Tests\Tests.csproj", "{94D72252-B1C1-4F32-93B6-DAE7023CA3A7}"
EndProject
Project("{54A90642-561A-4BB1-A94E-469ADEE60C69}") = "BasicUI", "BasicUI\BasicUI.esproj", "{BB6693FE-BC2F-409F-97E3-E80793503E6A}"
EndProject
Global
	GlobalSection(SolutionConfigurationPlatforms) = preSolution
		Debug|Any CPU = Debug|Any CPU
		Release|Any CPU = Release|Any CPU
	EndGlobalSection
	GlobalSection(ProjectConfigurationPlatforms) = postSolution
		{DA119B2E-B0ED-495E-9850-E14D7A63E565}.Debug|Any CPU.ActiveCfg = Debug|Any CPU
		{DA119B2E-B0ED-495E-9850-E14D7A63E565}.Debug|Any CPU.Build.0 = Debug|Any CPU
		{DA119B2E-B0ED-495E-9850-E14D7A63E565}.Release|Any CPU.ActiveCfg = Release|Any CPU
		{DA119B2E-B0ED-495E-9850-E14D7A63E565}.Release|Any CPU.Build.0 = Release|Any CPU
		{94D72252-B1C1-4F32-93B6-DAE7023CA3A7}.Debug|Any CPU.ActiveCfg = Debug|Any CPU
		{94D72252-B1C1-4F32-93B6-DAE7023CA3A7}.Debug|Any CPU.Build.0 = Debug|Any CPU
		{94D72252-B1C1-4F32-93B6-DAE7023CA3A7}.Release|Any CPU.ActiveCfg = Release|Any CPU
		{94D72252-B1C1-4F32-93B6-DAE7023CA3A7}.Release|Any CPU.Build.0 = Release|Any CPU
		{BB6693FE-BC2F-409F-97E3-E80793503E6A}.Debug|Any CPU.ActiveCfg = Debug|Any CPU
		{BB6693FE-BC2F-409F-97E3-E80793503E6A}.Debug|Any CPU.Build.0 = Debug|Any CPU
		{BB6693FE-BC2F-409F-97E3-E80793503E6A}.Debug|Any CPU.Deploy.0 = Debug|Any CPU
		{BB6693FE-BC2F-409F-97E3-E80793503E6A}.Release|Any CPU.ActiveCfg = Release|Any CPU
		{BB6693FE-BC2F-409F-97E3-E80793503E6A}.Release|Any CPU.Build.0 = Release|Any CPU
		{BB6693FE-BC2F-409F-97E3-E80793503E6A}.Release|Any CPU.Deploy.0 = Release|Any CPU
	EndGlobalSection
	GlobalSection(SolutionProperties) = preSolution
		HideSolutionNode = FALSE
	EndGlobalSection
	GlobalSection(ExtensibilityGlobals) = postSolution
		SolutionGuid = {68ECAFDD-C92B-4693-8980-1BD6011EC488}
	EndGlobalSection
EndGlobal
